
Microsoft Visual Studio Solution File, Format Version 12.00
# Visual Studio Version 16
VisualStudioVersion = 16.0.29709.97
MinimumVisualStudioVersion = 10.0.40219.1
Project("{FAE04EC0-301F-11D3-BF4B-00C04F79EFBC}") = "Cinema", "Cinema\Cinema.csproj", "{3888FD19-3F03-464A-BA3C-9BF2D414D6DA}"
EndProject
Global
	GlobalSection(SolutionConfigurationPlatforms) = preSolution
		Debug|Any CPU = Debug|Any CPU
		Release|Any CPU = Release|Any CPU
	EndGlobalSection
	GlobalSection(ProjectConfigurationPlatforms) = postSolution
		{3888FD19-3F03-464A-BA3C-9BF2D414D6DA}.Debug|Any CPU.ActiveCfg = Debug|Any CPU
		{3888FD19-3F03-464A-BA3C-9BF2D414D6DA}.Debug|Any CPU.Build.0 = Debug|Any CPU
		{3888FD19-3F03-464A-BA3C-9BF2D414D6DA}.Release|Any CPU.ActiveCfg = Release|Any CPU
		{3888FD19-3F03-464A-BA3C-9BF2D414D6DA}.Release|Any CPU.Build.0 = Release|Any CPU
	EndGlobalSection
	GlobalSection(SolutionProperties) = preSolution
		HideSolutionNode = FALSE
	EndGlobalSection
	GlobalSection(ExtensibilityGlobals) = postSolution
		SolutionGuid = {B2ECBBEC-2D9D-4ABD-8068-66F797705206}
	EndGlobalSection
EndGlobal
